
Microsoft Visual Studio Solution File, Format Version 12.00
# Visual Studio Version 17
VisualStudioVersion = 17.10.35027.167
MinimumVisualStudioVersion = 10.0.40219.1
Project("{FAE04EC0-301F-11D3-BF4B-00C04F79EFBC}") = "WebFormApp_Godrej", "WebFormApp_Godrej\WebFormApp_Godrej.csproj", "{8C3F7FE2-24B0-4CE6-BF3D-AF540AC02C0B}"
EndProject
Global
	GlobalSection(SolutionConfigurationPlatforms) = preSolution
		Debug|Any CPU = Debug|Any CPU
		Release|Any CPU = Release|Any CPU
	EndGlobalSection
	GlobalSection(ProjectConfigurationPlatforms) = postSolution
		{8C3F7FE2-24B0-4CE6-BF3D-AF540AC02C0B}.Debug|Any CPU.ActiveCfg = Debug|Any CPU
		{8C3F7FE2-24B0-4CE6-BF3D-AF540AC02C0B}.Debug|Any CPU.Build.0 = Debug|Any CPU
		{8C3F7FE2-24B0-4CE6-BF3D-AF540AC02C0B}.Release|Any CPU.ActiveCfg = Release|Any CPU
		{8C3F7FE2-24B0-4CE6-BF3D-AF540AC02C0B}.Release|Any CPU.Build.0 = Release|Any CPU
	EndGlobalSection
	GlobalSection(SolutionProperties) = preSolution
		HideSolutionNode = FALSE
	EndGlobalSection
	GlobalSection(ExtensibilityGlobals) = postSolution
		SolutionGuid = {B3ABB307-8F02-4984-AFF4-D14A89061036}
	EndGlobalSection
EndGlobal
